
Microsoft Visual Studio Solution File, Format Version 12.00
# Visual Studio Version 16
VisualStudioVersion = 16.0.31829.152
MinimumVisualStudioVersion = 10.0.40219.1
Project("{FAE04EC0-301F-11D3-BF4B-00C04F79EFBC}") = "loteria", "loteria\loteria.csproj", "{3A4D4C37-4D72-4286-9320-F57B3176825C}"
EndProject
Global
	GlobalSection(SolutionConfigurationPlatforms) = preSolution
		Debug|Any CPU = Debug|Any CPU
		Release|Any CPU = Release|Any CPU
	EndGlobalSection
	GlobalSection(ProjectConfigurationPlatforms) = postSolution
		{3A4D4C37-4D72-4286-9320-F57B3176825C}.Debug|Any CPU.ActiveCfg = Debug|Any CPU
		{3A4D4C37-4D72-4286-9320-F57B3176825C}.Debug|Any CPU.Build.0 = Debug|Any CPU
		{3A4D4C37-4D72-4286-9320-F57B3176825C}.Release|Any CPU.ActiveCfg = Release|Any CPU
		{3A4D4C37-4D72-4286-9320-F57B3176825C}.Release|Any CPU.Build.0 = Release|Any CPU
	EndGlobalSection
	GlobalSection(SolutionProperties) = preSolution
		HideSolutionNode = FALSE
	EndGlobalSection
	GlobalSection(ExtensibilityGlobals) = postSolution
		SolutionGuid = {70965221-1406-492B-82AC-ACEAF6267041}
	EndGlobalSection
EndGlobal
